{
  "requires": true,
  "lockfileVersion": 1,
  "dependencies": {
    "angular-bootstrap-md": {
      "version": "9.1.0",
      "resolved": "https://registry.npmjs.org/angular-bootstrap-md/-/angular-bootstrap-md-9.1.0.tgz",
      "integrity": "sha512-/FT0t20BaPSTAC7U5uUYYRZ1uPEiPZQAnSD5zqErduC/glqGKwRKgVuup3sCSguSXBDhxh7c6138eMuyy2VksA=="
    }
  }
}
